
Microsoft Visual Studio Solution File, Format Version 12.00
# Visual Studio Version 17
VisualStudioVersion = 17.4.33122.133
MinimumVisualStudioVersion = 10.0.40219.1
Project("{FAE04EC0-301F-11D3-BF4B-00C04F79EFBC}") = "PasswordGeneratorWinform", "PasswordGeneratorWinform\PasswordGeneratorWinform.csproj", "{EE7614C2-FA3E-485E-B161-B5500BE00235}"
EndProject
Global
	GlobalSection(SolutionConfigurationPlatforms) = preSolution
		Debug|Any CPU = Debug|Any CPU
		Release|Any CPU = Release|Any CPU
	EndGlobalSection
	GlobalSection(ProjectConfigurationPlatforms) = postSolution
		{EE7614C2-FA3E-485E-B161-B5500BE00235}.Debug|Any CPU.ActiveCfg = Debug|Any CPU
		{EE7614C2-FA3E-485E-B161-B5500BE00235}.Debug|Any CPU.Build.0 = Debug|Any CPU
		{EE7614C2-FA3E-485E-B161-B5500BE00235}.Release|Any CPU.ActiveCfg = Release|Any CPU
		{EE7614C2-FA3E-485E-B161-B5500BE00235}.Release|Any CPU.Build.0 = Release|Any CPU
	EndGlobalSection
	GlobalSection(SolutionProperties) = preSolution
		HideSolutionNode = FALSE
	EndGlobalSection
	GlobalSection(ExtensibilityGlobals) = postSolution
		SolutionGuid = {85B0B4BA-C84D-42C7-B20F-51DA419F0A8C}
	EndGlobalSection
EndGlobal
